
Microsoft Visual Studio Solution File, Format Version 12.00
# Visual Studio Version 17
VisualStudioVersion = 17.4.33213.308
MinimumVisualStudioVersion = 10.0.40219.1
Project("{FAE04EC0-301F-11D3-BF4B-00C04F79EFBC}") = "TestWorkflow2", "TestWorkflow2\TestWorkflow2.csproj", "{F023AD54-E2C0-415B-A2A1-F38E178E3D25}"
EndProject
Project("{FAE04EC0-301F-11D3-BF4B-00C04F79EFBC}") = "TestProject1", "TestProject1\TestProject1.csproj", "{050A3360-3769-4D68-BD25-95EC849956CF}"
EndProject
Global
	GlobalSection(SolutionConfigurationPlatforms) = preSolution
		Debug|Any CPU = Debug|Any CPU
		Release|Any CPU = Release|Any CPU
	EndGlobalSection
	GlobalSection(ProjectConfigurationPlatforms) = postSolution
		{F023AD54-E2C0-415B-A2A1-F38E178E3D25}.Debug|Any CPU.ActiveCfg = Debug|Any CPU
		{F023AD54-E2C0-415B-A2A1-F38E178E3D25}.Debug|Any CPU.Build.0 = Debug|Any CPU
		{F023AD54-E2C0-415B-A2A1-F38E178E3D25}.Release|Any CPU.ActiveCfg = Release|Any CPU
		{F023AD54-E2C0-415B-A2A1-F38E178E3D25}.Release|Any CPU.Build.0 = Release|Any CPU
		{050A3360-3769-4D68-BD25-95EC849956CF}.Debug|Any CPU.ActiveCfg = Debug|Any CPU
		{050A3360-3769-4D68-BD25-95EC849956CF}.Debug|Any CPU.Build.0 = Debug|Any CPU
		{050A3360-3769-4D68-BD25-95EC849956CF}.Release|Any CPU.ActiveCfg = Release|Any CPU
		{050A3360-3769-4D68-BD25-95EC849956CF}.Release|Any CPU.Build.0 = Release|Any CPU
	EndGlobalSection
	GlobalSection(SolutionProperties) = preSolution
		HideSolutionNode = FALSE
	EndGlobalSection
	GlobalSection(ExtensibilityGlobals) = postSolution
		SolutionGuid = {C006F4BE-BA21-4B84-B0C9-BEFA4A37EA01}
	EndGlobalSection
EndGlobal
